PODS:
  - Flutter (1.0.0)
  - flutter_ios_dark_mode (0.0.1):
    - Flutter

DEPENDENCIES:
  - Flutter (from `.symlinks/flutter/ios`)
  - flutter_ios_dark_mode (from `.symlinks/plugins/flutter_ios_dark_mode/ios`)

EXTERNAL SOURCES:
  Flutter:
    :path: ".symlinks/flutter/ios"
  flutter_ios_dark_mode:
    :path: ".symlinks/plugins/flutter_ios_dark_mode/ios"

SPEC CHECKSUMS:
  Flutter: 0e3d915762c693b495b44d77113d4970485de6ec
  flutter_ios_dark_mode: 4ef3fd2b5d4bf59251f3480138a47401cf176ffc

PODFILE CHECKSUM: ebd43b443038e611b86ede96e613bd6033c49497

COCOAPODS: 1.8.3
